
Microsoft Visual Studio Solution File, Format Version 12.00
# Visual Studio Version 16
VisualStudioVersion = 16.0.31702.278
MinimumVisualStudioVersion = 10.0.40219.1
Project("{FAE04EC0-301F-11D3-BF4B-00C04F79EFBC}") = "MVCCrudApplication", "MVCCrudApplication.csproj", "{EB8A319B-DA39-4F4E-A355-943485C87C57}"
EndProject
Global
	GlobalSection(SolutionConfigurationPlatforms) = preSolution
		Debug|Any CPU = Debug|Any CPU
		Release|Any CPU = Release|Any CPU
	EndGlobalSection
	GlobalSection(ProjectConfigurationPlatforms) = postSolution
		{EB8A319B-DA39-4F4E-A355-943485C87C57}.Debug|Any CPU.ActiveCfg = Debug|Any CPU
		{EB8A319B-DA39-4F4E-A355-943485C87C57}.Debug|Any CPU.Build.0 = Debug|Any CPU
		{EB8A319B-DA39-4F4E-A355-943485C87C57}.Release|Any CPU.ActiveCfg = Release|Any CPU
		{EB8A319B-DA39-4F4E-A355-943485C87C57}.Release|Any CPU.Build.0 = Release|Any CPU
	EndGlobalSection
	GlobalSection(SolutionProperties) = preSolution
		HideSolutionNode = FALSE
	EndGlobalSection
	GlobalSection(ExtensibilityGlobals) = postSolution
		SolutionGuid = {C4BD72F5-CA8D-4BCF-A6FF-6F1C5E06D15D}
	EndGlobalSection
EndGlobal
